
Microsoft Visual Studio Solution File, Format Version 12.00
# Visual Studio Version 17
VisualStudioVersion = 17.8.34525.116
MinimumVisualStudioVersion = 10.0.40219.1
Project("{FAE04EC0-301F-11D3-BF4B-00C04F79EFBC}") = "MB_Project", "MB_Project\MB_Project.csproj", "{BA182EA5-AC6E-4482-AD29-6CF2433BF127}"
EndProject
Global
	GlobalSection(SolutionConfigurationPlatforms) = preSolution
		Debug|Any CPU = Debug|Any CPU
		Release|Any CPU = Release|Any CPU
	EndGlobalSection
	GlobalSection(ProjectConfigurationPlatforms) = postSolution
		{BA182EA5-AC6E-4482-AD29-6CF2433BF127}.Debug|Any CPU.ActiveCfg = Debug|Any CPU
		{BA182EA5-AC6E-4482-AD29-6CF2433BF127}.Debug|Any CPU.Build.0 = Debug|Any CPU
		{BA182EA5-AC6E-4482-AD29-6CF2433BF127}.Release|Any CPU.ActiveCfg = Release|Any CPU
		{BA182EA5-AC6E-4482-AD29-6CF2433BF127}.Release|Any CPU.Build.0 = Release|Any CPU
	EndGlobalSection
	GlobalSection(SolutionProperties) = preSolution
		HideSolutionNode = FALSE
	EndGlobalSection
	GlobalSection(ExtensibilityGlobals) = postSolution
		SolutionGuid = {C2A38F0D-F163-4643-B653-C217DCEE921B}
	EndGlobalSection
EndGlobal
